{
    "_meta": {
        "hash": {
            "sha256": "a460ac488d9e7fd44b0780c4f2d537f7b76d074282a2e33bbdcd4f69d07a8619"
        },
        "pipfile-spec": 6,
        "requires": {
            "python_version": "3.6"
        },
        "sources": [
            {
                "name": "pypi",
                "url": "https://pypi.org/simple",
                "verify_ssl": true
            }
        ]
    },
    "default": {
        "certifi": {
            "hashes": [
                "sha256:13e698f54293db9f89122b0581843a782ad0934a4fe0172d2a980ba77fc61bb7",
                "sha256:9fa520c1bacfb634fa7af20a76bcbd3d5fb390481724c597da32c719a7dca4b0"
            ],
            "version": "==2018.4.16"
        },
        "chardet": {
            "hashes": [
                "sha256:84ab92ed1c4d4f16916e05906b6b75a6c0fb5db821cc65e70cbd64a3e2a5eaae",
                "sha256:fc323ffcaeaed0e0a02bf4d117757b98aed530d9ed4531e3e15460124c106691"
            ],
            "version": "==3.0.4"
        },
        "click": {
            "hashes": [
                "sha256:29f99fc6125fbc931b758dc053b3114e55c77a6e4c6c3a2674a2dc986016381d",
                "sha256:f15516df478d5a56180fbf80e68f206010e6d160fc39fa508b65e035fd75130b"
            ],
            "version": "==6.7"
        },
        "idna": {
            "hashes": [
                "sha256:156a6814fb5ac1fc6850fb002e0852d56c0c8d2531923a51032d1b70760e186e",
                "sha256:684a38a6f903c1d71d6d5fac066b58d7768af4de2b832e426ec79c30daa94a16"
            ],
            "version": "==2.7"
        },
        "lxml": {
            "hashes": [
                "sha256:01b194561b6a25d94b1267b785d6ec67eec6b62cce2591f3096de98ec22a704b",
                "sha256:10ad7277b618b9a0bafed7ddf73af6d9c9b3de8d42cbb881859d611d54de665c",
                "sha256:1fc9e6adc16c0cab2596de5cd7adc5988635ec1e2dcae367e2a2009302ae89b3",
                "sha256:34cb8e68be4403d01a84f5dd5b9a089ddaedf28a3e9ff259708d88f9a60e2b7e",
                "sha256:36a47fb5d99f7827cb478cc71f907b728304ead3b12b0eb1a102199a0a0bf8a7",
                "sha256:37cda88cf6082fd9d78988156140a5922d4b296577b5ff83f72116c4061d7304",
                "sha256:39e80bafa7be141ff2d0bb8ed1652b9ac326573bf0e6678770d729adbd9d2670",
                "sha256:4211c2ff1a465d9bafc671715d40695bfeb59065005a8b565069b4ab3faba5d9",
                "sha256:473ad409306e83dca68632bf29e1b40592b159af86318410ac42e8054f2904b8",
                "sha256:482da759ec33fb78e3781d1c59aafa39a83265bbc796967f830d64d08f7212ad",
                "sha256:48cccd8ba29c4cc967cb0e3317c5931e0f0ade1692895da6ba9a5a31410d75af",
                "sha256:4b487bf101ce0217afcc3eb661713b32f10d30f1cac1e9d966f0a988ea8a389c",
                "sha256:512f1b88f46ef1e55cb05150b8e7029be1c10995c3531d6c1205afa8b61d8996",
                "sha256:73e23a2dd19d8f3c012cf6d3b221b32bf2254de49dfed449b2b87dd8fa56611e",
                "sha256:810934dddb01a797fcd8ec9d9e981b8ebc7738ae1a5bbd2c90c7cdae5435609e",
                "sha256:82f278cd24da1b8a98df89de38946d67381a00e39adef768fd302dc8f4e1c383",
                "sha256:852d077b69432ad3c2ee622d4a82588fc32c8f260d41ce1a34207e60213b04a1",
                "sha256:8eee7864ea7882512bada274c2a58997a09fa8da5f8a31e298ebf7226df0cf75",
                "sha256:967ac7c857b4c67dbc906e2c7d81f89c14ea84d63adf4e95c6a1c9ed1bec2d77",
                "sha256:a8b8c161d9dab9e884f99e7d898f6e06db547a3a0398962b55de96130b6da777",
                "sha256:a9368022ca262fd15625f365b557d66ce0743bc1e1901d85dfe1af9836f01713",
                "sha256:ab5ab5df9589a4538c238cf3711978419562ccf9c72efc06fb2f5e3833b7e0f4",
                "sha256:be1d3c858071d552aab304742726ea1b3a46f21761f2c2a7afa93a37e57597f5",
                "sha256:bea02d0662709d905bc18402ad4b84c5a6dc72d9d86dbbe9958eadf3d158e63b",
                "sha256:d06bbb503f9e41c836a1941d163469b6df2f77f004bff609849f58ed52fa2ad4",
                "sha256:d2965ef3521bcc3c82bd218a44f4c1f2630c127b5e1f35da50cb360e872bc3af",
                "sha256:d78d58d934a3c2f39daaf89aad5e71551ff75550cf4820020ad6ae29f1b82cc9"
            ],
            "version": "==4.2.2"
        },
        "numpy": {
            "hashes": [
                "sha256:07379fe0b450f6fd6e5934a9bc015025bb4ce1c8fbed3ca8bef29328b1bc9570",
                "sha256:085afac75bbc97a096744fcfc97a4b321c5a87220286811e85089ae04885acdd",
                "sha256:2d6481c6bdab1c75affc0fc71eb1bd4b3ecef620d06f2f60c3f00521d54be04f",
                "sha256:2df854df882d322d5c23087a4959e145b953dfff2abe1774fec4f639ac2f3160",
                "sha256:381ad13c30cd1d0b2f3da8a0c1a4aa697487e8bb0e9e0cbeb7439776bcb645f8",
                "sha256:385f1ce46e08676505b692bfde918c1e0b350963a15ef52d77691c2cf0f5dbf6",
                "sha256:4d278c2261be6423c5e63d8f0ceb1b0c6db3ff83f2906f4b860db6ae99ca1bb5",
                "sha256:51c5dcb51cf88b34b7d04c15f600b07c6ccbb73a089a38af2ab83c02862318da",
                "sha256:589336ba5199c8061239cf446ee2f2f1fcc0c68e8531ee1382b6fc0c66b2d388",
                "sha256:5edf1acc827ed139086af95ce4449b7b664f57a8c29eb755411a634be280d9f2",
                "sha256:6b82b81c6b3b70ed40bc6d0b71222ebfcd6b6c04a6e7945a936e514b9113d5a3",
                "sha256:6c57f973218b776195d0356e556ec932698f3a563e2f640cfca7020086383f50",
                "sha256:758d1091a501fd2d75034e55e7e98bfd1370dc089160845c242db1c760d944d9",
                "sha256:8622db292b766719810e0cb0f62ef6141e15fe32b04e4eb2959888319e59336b",
                "sha256:8b8dcfcd630f1981f0f1e3846fae883376762a0c1b472baa35b145b911683b7b",
                "sha256:97fa8f1dceffab782069b291e38c4c2227f255cdac5f1e3346666931df87373e",
                "sha256:9d69967673ab7b028c2df09cae05ba56bf4e39e3cb04ebe452b6035c3b49848e",
                "sha256:9e1f53afae865cc32459ad211493cf9e2a3651a7295b7a38654ef3d123808996",
                "sha256:a4a433b3a264dbc9aa9c7c241e87c0358a503ea6394f8737df1683c7c9a102ac",
                "sha256:baadc5f770917ada556afb7651a68176559f4dca5f4b2d0947cd15b9fb84fb51",
                "sha256:c725d11990a9243e6ceffe0ab25a07c46c1cc2c5dc55e305717b5afe856c9608",
                "sha256:d696a8c87315a83983fc59dd27efe034292b9e8ad667aeae51a68b4be14690d9",
                "sha256:e1864a4e9f93ddb2dc6b62ccc2ec1f8250ff4ac0d3d7a15c8985dd4e1fbd6418"
            ],
            "version": "==1.14.5"
        },
        "pandas": {
            "hashes": [
                "sha256:211cfdb9f72f26d2ede21c751d27e08fed4434d47fb9bb82ebc8ff753888b8b6",
                "sha256:28fd087514616549a0e3259cd68ac88d7eaed6bd3062017a7f312e27941266bd",
                "sha256:2fb7c63138bd5ead296b18b2cb6abd3a394f7581e5ae052b02b27df8244b03ca",
                "sha256:372435456c349a8d39ff001967b161f6bd29d4c3de145a4cf9b366648defbb1f",
                "sha256:3790a3348ab0f416e58061d21693cb662fbb2f638001b94bf2b2199fedc1b1c2",
                "sha256:437a6e906a6717a9ed2627cf6e7895b63dfaa0172567cbd75a553f55cf78cc17",
                "sha256:50b52af2af2e15f4aeb2fe196da073a8c131fa02e433e105d95ce40016df5690",
                "sha256:720daad75b5d35dd1b446842210c4f3fd447464c9c0884972f3f12b213a9edd1",
                "sha256:b4fb71acbc2709b8f5993cb4b5445d8182864f11c39787e317aae39f21206270",
                "sha256:b704fd73022342cce612996de495a16954311e0c0cf077c1b83d5cf0b9656a60",
                "sha256:cbbecca0c7af6a2160b2d6ba30becc286824a98c61dcc6a41fada664f226424c",
                "sha256:d2a071de755cc8ee7784e1b4c7b9b643d951d35c8adea7d64fe7c57cff9c47a7",
                "sha256:d8154c5c68713a82461aba735832f0b4692be8a45a0a340a303bf90d6f80f36f",
                "sha256:e1b86f7c55467ce1f6c12715f2fd1817f4a909b5c8c39bd4b5d2415ef2b04bd8",
                "sha256:fcc63e8134516e93e16eb4ceac9afaa51f4adc5bf58efddae7cbc562f5b77dd0"
            ],
            "index": "pypi",
            "version": "==0.23.1"
        },
        "pyaxmlparser": {
            "hashes": [
                "sha256:0ee3793c85d4106a13a0bf3d7f7dabe5a205b0913f64f97d387b758e3bcb7c4c",
                "sha256:af714d8adafcea776dd14cbd6d09f5d6d278f7ba333f540dde3b4c34f5f04784"
            ],
            "index": "pypi",
            "version": "==0.3.9"
        },
        "pymongo": {
            "hashes": [
                "sha256:051770590ddbd5fb7db17d3315d4c1b0f18039d830dd18e1bae39451c30d31cd",
                "sha256:061085dfe4fbf1d9d6ed2f2e52fe6ab72559e48b4294370b433751638160d10b",
                "sha256:07fdee1c5567f237796a8550233e04853785d8dcf95929f96ab519ed91543109",
                "sha256:0d98731aaea8cb32b535c376f6785927e4e3d9459ffe1440b8a639827a849350",
                "sha256:10f683950f70626ccedf4a662d1c0b3244e8e013c2067872af5633830abd1bfd",
                "sha256:192ee5e33821931f4ec6df5fff4361220c0c92bb5b7437c6db52e20a0c9b4d98",
                "sha256:2954b99cfeb76776879e9f8a4cae9c5e19d5eff92d0b7b663ceddcf192adb66b",
                "sha256:36a992e02fced328de5304145dc3729a8cea12e58ad34b842a6f46d7941c9fc7",
                "sha256:419ed5d5b76ef304815f354d9df7f2085acfd6ff7cc1b714ca702e2239b341c2",
                "sha256:42ec201fd9a26e7c1e611e3db19324dead51dd4646391492eb238b41749340e8",
                "sha256:4400fa92af310bf66b76c313c7ded3bb63f3d63b4f43c3bfbff552cf294dc9fa",
                "sha256:44abdc26989600bb03b62d57616ec7c1b9182290720167c39e38c3a2b0d44e44",
                "sha256:45fb9f589c0f35436dbe391c53a387ffffa8d086b8521a86fca4f3e1d0edbf71",
                "sha256:4807dfbb5cdcfe0224329992dc48b897c780d0ad7553c3799d34f84ba5cab446",
                "sha256:54daf67e1e7e7e5a5160c86123bdd39b1d3b25876c2ab38230dc2a764cb3d98f",
                "sha256:5f2814a9492a724fd77c90ffc01f810276ef9972ae02587bfaae40835f9b8407",
                "sha256:5fd6ce5ed3c6c92d2c94756e6bf041304e5c7c5a5dbea31b8957d52a78bdf01d",
                "sha256:601e00fe7fb283f04c95f5dafb787c0862f48ca015a6f1f81b460c74e4303873",
                "sha256:63a47a97b5cb4c67c86552b15e08df12ff026a648211120adf5ebe00453e85e9",
                "sha256:6c4459d5c2b45ba55e14360e03078426015c1b0881facaec51bd9bd9e2304cec",
                "sha256:7fbd9233e8b6741b047c5857e2ad5efb74091f167d7fa8a2a3379217165058f9",
                "sha256:7ffac35362c07c103b024b89875e8d7f0625129b65c56fa8a3ecebbd56110405",
                "sha256:833bc6cb2ec7058dea9f5840a9314ac74738d2117486a044e88f3976e37ea7a0",
                "sha256:92cb26a2a9b38e8df5215803f950b20a6c847d5e00d1dd125eaa84f05f9472d7",
                "sha256:97d6a218c4ad4f8fdde0143776d5224e884cbcfe631e7446379fa1790d8cf04f",
                "sha256:9e5f0e8967d95a256038817460844a8aab588b9bc9ba6296507a1863960a0e44",
                "sha256:9e6db7ff63fb836d56e62216e10e868c23a99f3cb02875411eb2cb787acf58c7",
                "sha256:a0a695eef38c15570f6da3b4900e1a1d85fa92c754177d5f05267b49da79c92b",
                "sha256:aa46076524471729430afacca3dd8ad4578878eca6fc9e2b593a0b381b5bbeb7",
                "sha256:abf83b908e535b1386a7732825994e6e36eff6394c1829f3e7a23888136484fa",
                "sha256:adb2dba52c8a2a2d7bcd3b267f7bbf7c822850cf6a7cd15211b9f386c3a670ef",
                "sha256:ae7b3479822a03f6f651913de84ba67101f23e051ae88034085e974f472dcfff",
                "sha256:c596af57286ef28cae7a48e3070d222f96f5f0eab76ad39d680ae6b9bbc957c7",
                "sha256:cc15b30f0ac518e6cbd4b6e6e6162f8aa14edfe255d0841146f146151bd58865",
                "sha256:d23498d62063b715078947bef48fa4d34dc354f3b268ed15dc6b46fc809a88e9",
                "sha256:dd29bb5bc9068ccc248c8c145efd839421f04363b468b47cfa2d4902ca369afe",
                "sha256:e2745dd408a26d4517702d1686afc8e1e1638d2167e857c684f912192cc00dcf",
                "sha256:e53ad0cc6c489f83e7f6bb6121aa73bb6f6488410024a3bd77c16af1aa3a1000",
                "sha256:ecb11113407d919f8714cc7d0841985044633d0b561ef3d797e1b494a3e73537",
                "sha256:ece2c2add66d3ec2720a963bf073ca11fc3b0b58159767fc3bc5ddaad791d481",
                "sha256:ef25c8675f5c8c19832f69cd97d728d99bb4ab9c3b200e28a5c8416631afaf3c",
                "sha256:f62a818d643776873713c5676f17bd95ac4176220b13dd12c14edd3a450d1ac9",
                "sha256:f7ebcb846962ee40374db2d9014a89bea9c983ae63c1877957c3a0a756974796"
            ],
            "index": "pypi",
            "version": "==3.6.1"
        },
        "python-dateutil": {
            "hashes": [
                "sha256:1adb80e7a782c12e52ef9a8182bebeb73f1d7e24e374397af06fb4956c8dc5c0",
                "sha256:e27001de32f627c22380a688bcc43ce83504a7bc5da472209b4c70f02829f0b8"
            ],
            "version": "==2.7.3"
        },
        "pytz": {
            "hashes": [
                "sha256:65ae0c8101309c45772196b21b74c46b2e5d11b6275c45d251b150d5da334555",
                "sha256:c06425302f2cf668f1bba7a0a03f3c1d34d4ebeef2c72003da308b3947c7f749"
            ],
            "version": "==2018.4"
        },
        "requests": {
            "hashes": [
                "sha256:63b52e3c866428a224f97cab011de738c36aec0185aa91cfacd418b5d58911d1",
                "sha256:ec22d826a36ed72a7358ff3fe56cbd4ba69dd7a6718ffd450ff0e9df7a47ce6a"
            ],
            "index": "pypi",
            "version": "==2.19.1"
        },
        "six": {
            "hashes": [
                "sha256:70e8a77beed4562e7f14fe23a786b54f6296e34344c23bc42f07b15018ff98e9",
                "sha256:832dc0e10feb1aa2c68dcc57dbb658f1c7e65b9b61af69048abc87a2db00a0eb"
            ],
            "version": "==1.11.0"
        },
        "urllib3": {
            "hashes": [
                "sha256:a68ac5e15e76e7e5dd2b8f94007233e01effe3e50e8daddf69acfd81cb686baf",
                "sha256:b5725a0bd4ba422ab0e66e89e030c806576753ea3ee08554382c14e685d117b5"
            ],
            "version": "==1.23"
        }
    },
    "develop": {}
}
